// !$*UTF8*$!
{
	archiveVersion = 1;
	classes = {
	};
	objectVersion = 48;
	objects = {

/* Begin PBXBuildFile section */
		C912EF93984D3ABD6BC30B24 /* Pods_Todo.framework in Frameworks */ = {isa = PBXBuildFile; fileRef = 6A1C9585235265BF456F22D7 /* Pods_Todo.framework */; };
		DAA06EBE20B8E07C004A8412 /* CategoryViewController.swift in Sources */ = {isa = PBXBuildFile; fileRef = DAA06EBD20B8E07C004A8412 /* CategoryViewController.swift */; };
		DAB9046120BB3918006487FF /* SwipeTableViewController.swift in Sources */ = {isa = PBXBuildFile; fileRef = DAB9046020BB3918006487FF /* SwipeTableViewController.swift */; };
		DAC161A420B4C4CD0079EA2F /* AppDelegate.swift in Sources */ = {isa = PBXBuildFile; fileRef = DAC161A320B4C4CD0079EA2F /* AppDelegate.swift */; };
		DAC161A620B4C4CD0079EA2F /* TodoListViewController.swift in Sources */ = {isa = PBXBuildFile; fileRef = DAC161A520B4C4CD0079EA2F /* TodoListViewController.swift */; };
		DAC161A920B4C4CD0079EA2F /* Main.storyboard in Resources */ = {isa = PBXBuildFile; fileRef = DAC161A720B4C4CD0079EA2F /* Main.storyboard */; };
		DAC161AB20B4C4CD0079EA2F /* Assets.xcassets in Resources */ = {isa = PBXBuildFile; fileRef = DAC161AA20B4C4CD0079EA2F /* Assets.xcassets */; };
		DAC161AE20B4C4CD0079EA2F /* LaunchScreen.storyboard in Resources */ = {isa = PBXBuildFile; fileRef = DAC161AC20B4C4CD0079EA2F /* LaunchScreen.storyboard */; };
		DAC96E1A20BA06290019A659 /* Item.swift in Sources */ = {isa = PBXBuildFile; fileRef = DAC96E1920BA06290019A659 /* Item.swift */; };
		DAC96E1C20BA06350019A659 /* Category.swift in Sources */ = {isa = PBXBuildFile; fileRef = DAC96E1B20BA06350019A659 /* Category.swift */; };
/* End PBXBuildFile section */

/* Begin PBXFileReference section */
		6A1C9585235265BF456F22D7 /* Pods_Todo.framework */ = {isa = PBXFileReference; explicitFileType = wrapper.framework; includeInIndex = 0; path = Pods_Todo.framework; sourceTree = BUILT_PRODUCTS_DIR; };
		7A604F0D08CA17DB8FBE941E /* Pods-Todo.debug.xcconfig */ = {isa = PBXFileReference; includeInIndex = 1; lastKnownFileType = text.xcconfig; name = "Pods-Todo.debug.xcconfig"; path = "Pods/Target Support Files/Pods-Todo/Pods-Todo.debug.xcconfig"; sourceTree = "<group>"; };
		A35552F64554A55C4AB2EF1D /* Pods-Todo.release.xcconfig */ = {isa = PBXFileReference; includeInIndex = 1; lastKnownFileType = text.xcconfig; name = "Pods-Todo.release.xcconfig"; path = "Pods/Target Support Files/Pods-Todo/Pods-Todo.release.xcconfig"; sourceTree = "<group>"; };
		DAA06EBD20B8E07C004A8412 /* CategoryViewController.swift */ = {isa = PBXFileReference; lastKnownFileType = sourcecode.swift; path = CategoryViewController.swift; sourceTree = "<group>"; };
		DAB9046020BB3918006487FF /* SwipeTableViewController.swift */ = {isa = PBXFileReference; lastKnownFileType = sourcecode.swift; path = SwipeTableViewController.swift; sourceTree = "<group>"; };
		DAC161A020B4C4CD0079EA2F /* Todo.app */ = {isa = PBXFileReference; explicitFileType = wrapper.application; includeInIndex = 0; path = Todo.app; sourceTree = BUILT_PRODUCTS_DIR; };
		DAC161A320B4C4CD0079EA2F /* AppDelegate.swift */ = {isa = PBXFileReference; lastKnownFileType = sourcecode.swift; path = AppDelegate.swift; sourceTree = "<group>"; };
		DAC161A520B4C4CD0079EA2F /* TodoListViewController.swift */ = {isa = PBXFileReference; lastKnownFileType = sourcecode.swift; path = TodoListViewController.swift; sourceTree = "<group>"; };
		DAC161A820B4C4CD0079EA2F /* Base */ = {isa = PBXFileReference; lastKnownFileType = file.storyboard; name = Base; path = Base.lproj/Main.storyboard; sourceTree = "<group>"; };
		DAC161AA20B4C4CD0079EA2F /* Assets.xcassets */ = {isa = PBXFileReference; lastKnownFileType = folder.assetcatalog; path = Assets.xcassets; sourceTree = "<group>"; };
		DAC161AD20B4C4CD0079EA2F /* Base */ = {isa = PBXFileReference; lastKnownFileType = file.storyboard; name = Base; path = Base.lproj/LaunchScreen.storyboard; sourceTree = "<group>"; };
		DAC161AF20B4C4CD0079EA2F /* Info.plist */ = {isa = PBXFileReference; lastKnownFileType = text.plist.xml; path = Info.plist; sourceTree = "<group>"; };
		DAC96E1920BA06290019A659 /* Item.swift */ = {isa = PBXFileReference; lastKnownFileType = sourcecode.swift; path = Item.swift; sourceTree = "<group>"; };
		DAC96E1B20BA06350019A659 /* Category.swift */ = {isa = PBXFileReference; lastKnownFileType = sourcecode.swift; path = Category.swift; sourceTree = "<group>"; };
/* End PBXFileReference section */

/* Begin PBXFrameworksBuildPhase section */
		DAC1619D20B4C4CD0079EA2F /* Frameworks */ = {
			isa = PBXFrameworksBuildPhase;
			buildActionMask = 2147483647;
			files = (
				C912EF93984D3ABD6BC30B24 /* Pods_Todo.framework in Frameworks */,
			);
			runOnlyForDeploymentPostprocessing = 0;
		};
/* End PBXFrameworksBuildPhase section */

/* Begin PBXGroup section */
		0DC3CAD3052E0796AAB4B6B4 /* Frameworks */ = {
			isa = PBXGroup;
			children = (
				6A1C9585235265BF456F22D7 /* Pods_Todo.framework */,
			);
			name = Frameworks;
			sourceTree = "<group>";
		};
		4B6A7BE2ACB5F5177D41AEA6 /* Pods */ = {
			isa = PBXGroup;
			children = (
				7A604F0D08CA17DB8FBE941E /* Pods-Todo.debug.xcconfig */,
				A35552F64554A55C4AB2EF1D /* Pods-Todo.release.xcconfig */,
			);
			name = Pods;
			sourceTree = "<group>";
		};
		DABA915B20B5ECF40069D363 /* Model */ = {
			isa = PBXGroup;
			children = (
				DAC96E1B20BA06350019A659 /* Category.swift */,
				DAC96E1920BA06290019A659 /* Item.swift */,
			);
			path = Model;
			sourceTree = "<group>";
		};
		DABA915C20B5ECFA0069D363 /* Controllers */ = {
			isa = PBXGroup;
			children = (
				DAA06EBD20B8E07C004A8412 /* CategoryViewController.swift */,
				DAC161A520B4C4CD0079EA2F /* TodoListViewController.swift */,
				DAB9046020BB3918006487FF /* SwipeTableViewController.swift */,
			);
			path = Controllers;
			sourceTree = "<group>";
		};
		DABA915D20B5ED060069D363 /* View */ = {
			isa = PBXGroup;
			children = (
				DAC161A720B4C4CD0079EA2F /* Main.storyboard */,
			);
			path = View;
			sourceTree = "<group>";
		};
		DAC1619720B4C4CD0079EA2F = {
			isa = PBXGroup;
			children = (
				DAC161A220B4C4CD0079EA2F /* Todo */,
				DAC161A120B4C4CD0079EA2F /* Products */,
				4B6A7BE2ACB5F5177D41AEA6 /* Pods */,
				0DC3CAD3052E0796AAB4B6B4 /* Frameworks */,
			);
			sourceTree = "<group>";
		};
		DAC161A120B4C4CD0079EA2F /* Products */ = {
			isa = PBXGroup;
			children = (
				DAC161A020B4C4CD0079EA2F /* Todo.app */,
			);
			name = Products;
			sourceTree = "<group>";
		};
		DAC161A220B4C4CD0079EA2F /* Todo */ = {
			isa = PBXGroup;
			children = (
				DAC161A320B4C4CD0079EA2F /* AppDelegate.swift */,
				DABA915C20B5ECFA0069D363 /* Controllers */,
				DABA915B20B5ECF40069D363 /* Model */,
				DABA915D20B5ED060069D363 /* View */,
				DAC96E1F20BA8D540019A659 /* Supporting Files */,
				DAC161AF20B4C4CD0079EA2F /* Info.plist */,
			);
			path = Todo;
			sourceTree = "<group>";
		};
		DAC96E1F20BA8D540019A659 /* Supporting Files */ = {
			isa = PBXGroup;
			children = (
				DAC161AC20B4C4CD0079EA2F /* LaunchScreen.storyboard */,
				DAC161AA20B4C4CD0079EA2F /* Assets.xcassets */,
			);
			path = "Supporting Files";
			sourceTree = "<group>";
		};
/* End PBXGroup section */

/* Begin PBXNativeTarget section */
		DAC1619F20B4C4CD0079EA2F /* Todo */ = {
			isa = PBXNativeTarget;
			buildConfigurationList = DAC161B220B4C4CD0079EA2F /* Build configuration list for PBXNativeTarget "Todo" */;
			buildPhases = (
				3E0B8F0D2B68DDF44604153A /* [CP] Check Pods Manifest.lock */,
				DAC1619C20B4C4CD0079EA2F /* Sources */,
				DAC1619D20B4C4CD0079EA2F /* Frameworks */,
				DAC1619E20B4C4CD0079EA2F /* Resources */,
				A2118C39B15848A3643A4329 /* [CP] Embed Pods Frameworks */,
				DCFF307C697078A68CEC4703 /* [CP] Copy Pods Resources */,
			);
			buildRules = (
			);
			dependencies = (
			);
			name = Todo;
			productName = Todo;
			productReference = DAC161A020B4C4CD0079EA2F /* Todo.app */;
			productType = "com.apple.product-type.application";
		};
/* End PBXNativeTarget section */

/* Begin PBXProject section */
		DAC1619820B4C4CD0079EA2F /* Project object */ = {
			isa = PBXProject;
			attributes = {
				LastSwiftUpdateCheck = 0900;
				LastUpgradeCheck = 0900;
				ORGANIZATIONNAME = "Brian Canela";
				TargetAttributes = {
					DAC1619F20B4C4CD0079EA2F = {
						CreatedOnToolsVersion = 9.0.1;
						ProvisioningStyle = Automatic;
					};
				};
			};
			buildConfigurationList = DAC1619B20B4C4CD0079EA2F /* Build configuration list for PBXProject "Todo" */;
			compatibilityVersion = "Xcode 8.0";
			developmentRegion = en;
			hasScannedForEncodings = 0;
			knownRegions = (
				en,
				Base,
			);
			mainGroup = DAC1619720B4C4CD0079EA2F;
			productRefGroup = DAC161A120B4C4CD0079EA2F /* Products */;
			projectDirPath = "";
			projectRoot = "";
			targets = (
				DAC1619F20B4C4CD0079EA2F /* Todo */,
			);
		};
/* End PBXProject section */

/* Begin PBXResourcesBuildPhase section */
		DAC1619E20B4C4CD0079EA2F /* Resources */ = {
			isa = PBXResourcesBuildPhase;
			buildActionMask = 2147483647;
			files = (
				DAC161AE20B4C4CD0079EA2F /* LaunchScreen.storyboard in Resources */,
				DAC161AB20B4C4CD0079EA2F /* Assets.xcassets in Resources */,
				DAC161A920B4C4CD0079EA2F /* Main.storyboard in Resources */,
			);
			runOnlyForDeploymentPostprocessing = 0;
		};
/* End PBXResourcesBuildPhase section */

/* Begin PBXShellScriptBuildPhase section */
		3E0B8F0D2B68DDF44604153A /* [CP] Check Pods Manifest.lock */ = {
			isa = PBXShellScriptBuildPhase;
			buildActionMask = 2147483647;
			files = (
			);
			inputPaths = (
				"${PODS_PODFILE_DIR_PATH}/Podfile.lock",
				"${PODS_ROOT}/Manifest.lock",
			);
			name = "[CP] Check Pods Manifest.lock";
			outputPaths = (
				"$(DERIVED_FILE_DIR)/Pods-Todo-checkManifestLockResult.txt",
			);
			runOnlyForDeploymentPostprocessing = 0;
			shellPath = /bin/sh;
			shellScript = "diff \"${PODS_PODFILE_DIR_PATH}/Podfile.lock\" \"${PODS_ROOT}/Manifest.lock\" > /dev/null\nif [ $? != 0 ] ; then\n    # print error to STDERR\n    echo \"error: The sandbox is not in sync with the Podfile.lock. Run 'pod install' or update your CocoaPods installation.\" >&2\n    exit 1\nfi\n# This output is used by Xcode 'outputs' to avoid re-running this script phase.\necho \"SUCCESS\" > \"${SCRIPT_OUTPUT_FILE_0}\"\n";
			showEnvVarsInLog = 0;
		};
		A2118C39B15848A3643A4329 /* [CP] Embed Pods Frameworks */ = {
			isa = PBXShellScriptBuildPhase;
			buildActionMask = 2147483647;
			files = (
			);
			inputPaths = (
				"${SRCROOT}/Pods/Target Support Files/Pods-Todo/Pods-Todo-frameworks.sh",
				"${BUILT_PRODUCTS_DIR}/ChameleonFramework/ChameleonFramework.framework",
				"${BUILT_PRODUCTS_DIR}/Realm/Realm.framework",
				"${BUILT_PRODUCTS_DIR}/RealmSwift/RealmSwift.framework",
				"${BUILT_PRODUCTS_DIR}/SwipeCellKit/SwipeCellKit.framework",
			);
			name = "[CP] Embed Pods Frameworks";
			outputPaths = (
				"${TARGET_BUILD_DIR}/${FRAMEWORKS_FOLDER_PATH}/ChameleonFramework.framework",
				"${TARGET_BUILD_DIR}/${FRAMEWORKS_FOLDER_PATH}/Realm.framework",
				"${TARGET_BUILD_DIR}/${FRAMEWORKS_FOLDER_PATH}/RealmSwift.framework",
				"${TARGET_BUILD_DIR}/${FRAMEWORKS_FOLDER_PATH}/SwipeCellKit.framework",
			);
			runOnlyForDeploymentPostprocessing = 0;
			shellPath = /bin/sh;
			shellScript = "\"${SRCROOT}/Pods/Target Support Files/Pods-Todo/Pods-Todo-frameworks.sh\"\n";
			showEnvVarsInLog = 0;
		};
		DCFF307C697078A68CEC4703 /* [CP] Copy Pods Resources */ = {
			isa = PBXShellScriptBuildPhase;
			buildActionMask = 2147483647;
			files = (
			);
			inputPaths = (
			);
			name = "[CP] Copy Pods Resources";
			outputPaths = (
			);
			runOnlyForDeploymentPostprocessing = 0;
			shellPath = /bin/sh;
			shellScript = "\"${SRCROOT}/Pods/Target Support Files/Pods-Todo/Pods-Todo-resources.sh\"\n";
			showEnvVarsInLog = 0;
		};
/* End PBXShellScriptBuildPhase section */

/* Begin PBXSourcesBuildPhase section */
		DAC1619C20B4C4CD0079EA2F /* Sources */ = {
			isa = PBXSourcesBuildPhase;
			buildActionMask = 2147483647;
			files = (
				DAC96E1A20BA06290019A659 /* Item.swift in Sources */,
				DAA06EBE20B8E07C004A8412 /* CategoryViewController.swift in Sources */,
				DAC161A620B4C4CD0079EA2F /* TodoListViewController.swift in Sources */,
				DAC161A420B4C4CD0079EA2F /* AppDelegate.swift in Sources */,
				DAB9046120BB3918006487FF /* SwipeTableViewController.swift in Sources */,
				DAC96E1C20BA06350019A659 /* Category.swift in Sources */,
			);
			runOnlyForDeploymentPostprocessing = 0;
		};
/* End PBXSourcesBuildPhase section */

/* Begin PBXVariantGroup section */
		DAC161A720B4C4CD0079EA2F /* Main.storyboard */ = {
			isa = PBXVariantGroup;
			children = (
				DAC161A820B4C4CD0079EA2F /* Base */,
			);
			name = Main.storyboard;
			sourceTree = "<group>";
		};
		DAC161AC20B4C4CD0079EA2F /* LaunchScreen.storyboard */ = {
			isa = PBXVariantGroup;
			children = (
				DAC161AD20B4C4CD0079EA2F /* Base */,
			);
			name = LaunchScreen.storyboard;
			sourceTree = "<group>";
		};
/* End PBXVariantGroup section */

/* Begin XCBuildConfiguration section */
		DAC161B020B4C4CD0079EA2F /* Debug */ = {
			isa = XCBuildConfiguration;
			buildSettings = {
				ALWAYS_SEARCH_USER_PATHS = NO;
				CLANG_ANALYZER_NONNULL = YES;
				CLANG_ANALYZER_NUMBER_OBJECT_CONVERSION = YES_AGGRESSIVE;
				CLANG_CXX_LANGUAGE_STANDARD = "gnu++14";
				CLANG_CXX_LIBRARY = "libc++";
				CLANG_ENABLE_MODULES = YES;
				CLANG_ENABLE_OBJC_ARC = YES;
				CLANG_WARN_BLOCK_CAPTURE_AUTORELEASING = YES;
				CLANG_WARN_BOOL_CONVERSION = YES;
				CLANG_WARN_COMMA = YES;
				CLANG_WARN_CONSTANT_CONVERSION = YES;
				CLANG_WARN_DIRECT_OBJC_ISA_USAGE = YES_ERROR;
				CLANG_WARN_DOCUMENTATION_COMMENTS = YES;
				CLANG_WARN_EMPTY_BODY = YES;
				CLANG_WARN_ENUM_CONVERSION = YES;
				CLANG_WARN_INFINITE_RECURSION = YES;
				CLANG_WARN_INT_CONVERSION = YES;
				CLANG_WARN_NON_LITERAL_NULL_CONVERSION = YES;
				CLANG_WARN_OBJC_LITERAL_CONVERSION = YES;
				CLANG_WARN_OBJC_ROOT_CLASS = YES_ERROR;
				CLANG_WARN_RANGE_LOOP_ANALYSIS = YES;
				CLANG_WARN_STRICT_PROTOTYPES = YES;
				CLANG_WARN_SUSPICIOUS_MOVE = YES;
				CLANG_WARN_UNGUARDED_AVAILABILITY = YES_AGGRESSIVE;
				CLANG_WARN_UNREACHABLE_CODE = YES;
				CLANG_WARN__DUPLICATE_METHOD_MATCH = YES;
				CODE_SIGN_IDENTITY = "iPhone Developer";
				COPY_PHASE_STRIP = NO;
				DEBUG_INFORMATION_FORMAT = dwarf;
				ENABLE_STRICT_OBJC_MSGSEND = YES;
				ENABLE_TESTABILITY = YES;
				GCC_C_LANGUAGE_STANDARD = gnu11;
				GCC_DYNAMIC_NO_PIC = NO;
				GCC_NO_COMMON_BLOCKS = YES;
				GCC_OPTIMIZATION_LEVEL = 0;
				GCC_PREPROCESSOR_DEFINITIONS = (
					"DEBUG=1",
					"$(inherited)",
				);
				GCC_WARN_64_TO_32_BIT_CONVERSION = YES;
				GCC_WARN_ABOUT_RETURN_TYPE = YES_ERROR;
				GCC_WARN_UNDECLARED_SELECTOR = YES;
				GCC_WARN_UNINITIALIZED_AUTOS = YES_AGGRESSIVE;
				GCC_WARN_UNUSED_FUNCTION = YES;
				GCC_WARN_UNUSED_VARIABLE = YES;
				IPHONEOS_DEPLOYMENT_TARGET = 11.0;
				MTL_ENABLE_DEBUG_INFO = YES;
				ONLY_ACTIVE_ARCH = YES;
				SDKROOT = iphoneos;
				SWIFT_ACTIVE_COMPILATION_CONDITIONS = DEBUG;
				SWIFT_OPTIMIZATION_LEVEL = "-Onone";
			};
			name = Debug;
		};
		DAC161B120B4C4CD0079EA2F /* Release */ = {
			isa = XCBuildConfiguration;
			buildSettings = {
				ALWAYS_SEARCH_USER_PATHS = NO;
				CLANG_ANALYZER_NONNULL = YES;
				CLANG_ANALYZER_NUMBER_OBJECT_CONVERSION = YES_AGGRESSIVE;
				CLANG_CXX_LANGUAGE_STANDARD = "gnu++14";
				CLANG_CXX_LIBRARY = "libc++";
				CLANG_ENABLE_MODULES = YES;
				CLANG_ENABLE_OBJC_ARC = YES;
				CLANG_WARN_BLOCK_CAPTURE_AUTORELEASING = YES;
				CLANG_WARN_BOOL_CONVERSION = YES;
				CLANG_WARN_COMMA = YES;
				CLANG_WARN_CONSTANT_CONVERSION = YES;
				CLANG_WARN_DIRECT_OBJC_ISA_USAGE = YES_ERROR;
				CLANG_WARN_DOCUMENTATION_COMMENTS = YES;
				CLANG_WARN_EMPTY_BODY = YES;
				CLANG_WARN_ENUM_CONVERSION = YES;
				CLANG_WARN_INFINITE_RECURSION = YES;
				CLANG_WARN_INT_CONVERSION = YES;
				CLANG_WARN_NON_LITERAL_NULL_CONVERSION = YES;
				CLANG_WARN_OBJC_LITERAL_CONVERSION = YES;
				CLANG_WARN_OBJC_ROOT_CLASS = YES_ERROR;
				CLANG_WARN_RANGE_LOOP_ANALYSIS = YES;
				CLANG_WARN_STRICT_PROTOTYPES = YES;
				CLANG_WARN_SUSPICIOUS_MOVE = YES;
				CLANG_WARN_UNGUARDED_AVAILABILITY = YES_AGGRESSIVE;
				CLANG_WARN_UNREACHABLE_CODE = YES;
				CLANG_WARN__DUPLICATE_METHOD_MATCH = YES;
				CODE_SIGN_IDENTITY = "iPhone Developer";
				COPY_PHASE_STRIP = NO;
				DEBUG_INFORMATION_FORMAT = "dwarf-with-dsym";
				ENABLE_NS_ASSERTIONS = NO;
				ENABLE_STRICT_OBJC_MSGSEND = YES;
				GCC_C_LANGUAGE_STANDARD = gnu11;
				GCC_NO_COMMON_BLOCKS = YES;
				GCC_WARN_64_TO_32_BIT_CONVERSION = YES;
				GCC_WARN_ABOUT_RETURN_TYPE = YES_ERROR;
				GCC_WARN_UNDECLARED_SELECTOR = YES;
				GCC_WARN_UNINITIALIZED_AUTOS = YES_AGGRESSIVE;
				GCC_WARN_UNUSED_FUNCTION = YES;
				GCC_WARN_UNUSED_VARIABLE = YES;
				IPHONEOS_DEPLOYMENT_TARGET = 11.0;
				MTL_ENABLE_DEBUG_INFO = NO;
				SDKROOT = iphoneos;
				SWIFT_OPTIMIZATION_LEVEL = "-Owholemodule";
				VALIDATE_PRODUCT = YES;
			};
			name = Release;
		};
		DAC161B320B4C4CD0079EA2F /* Debug */ = {
			isa = XCBuildConfiguration;
			baseConfigurationReference = 7A604F0D08CA17DB8FBE941E /* Pods-Todo.debug.xcconfig */;
			buildSettings = {
				ASSETCATALOG_COMPILER_APPICON_NAME = AppIcon;
				CODE_SIGN_STYLE = Automatic;
				DEVELOPMENT_TEAM = L5PJHUVTXH;
				INFOPLIST_FILE = Todo/Info.plist;
				LD_RUNPATH_SEARCH_PATHS = "$(inherited) @executable_path/Frameworks";
				PRODUCT_BUNDLE_IDENTIFIER = Canela.Todo;
				PRODUCT_NAME = "$(TARGET_NAME)";
				SWIFT_VERSION = 4.0;
				TARGETED_DEVICE_FAMILY = "1,2";
			};
			name = Debug;
		};
		DAC161B420B4C4CD0079EA2F /* Release */ = {
			isa = XCBuildConfiguration;
			baseConfigurationReference = A35552F64554A55C4AB2EF1D /* Pods-Todo.release.xcconfig */;
			buildSettings = {
				ASSETCATALOG_COMPILER_APPICON_NAME = AppIcon;
				CODE_SIGN_STYLE = Automatic;
				DEVELOPMENT_TEAM = L5PJHUVTXH;
				INFOPLIST_FILE = Todo/Info.plist;
				LD_RUNPATH_SEARCH_PATHS = "$(inherited) @executable_path/Frameworks";
				PRODUCT_BUNDLE_IDENTIFIER = Canela.Todo;
				PRODUCT_NAME = "$(TARGET_NAME)";
				SWIFT_VERSION = 4.0;
				TARGETED_DEVICE_FAMILY = "1,2";
			};
			name = Release;
		};
/* End XCBuildConfiguration section */

/* Begin XCConfigurationList section */
		DAC1619B20B4C4CD0079EA2F /* Build configuration list for PBXProject "Todo" */ = {
			isa = XCConfigurationList;
			buildConfigurations = (
				DAC161B020B4C4CD0079EA2F /* Debug */,
				DAC161B120B4C4CD0079EA2F /* Release */,
			);
			defaultConfigurationIsVisible = 0;
			defaultConfigurationName = Release;
		};
		DAC161B220B4C4CD0079EA2F /* Build configuration list for PBXNativeTarget "Todo" */ = {
			isa = XCConfigurationList;
			buildConfigurations = (
				DAC161B320B4C4CD0079EA2F /* Debug */,
				DAC161B420B4C4CD0079EA2F /* Release */,
			);
			defaultConfigurationIsVisible = 0;
			defaultConfigurationName = Release;
		};
/* End XCConfigurationList section */
	};
	rootObject = DAC1619820B4C4CD0079EA2F /* Project object */;
}
